
Microsoft Visual Studio Solution File, Format Version 12.00
# Visual Studio Version 17
VisualStudioVersion = 17.14.36301.6 d17.14
MinimumVisualStudioVersion = 10.0.40219.1
Project("{FAE04EC0-301F-11D3-BF4B-00C04F79EFBC}") = "BE", "BE.csproj", "{097FC228-9EB8-484E-9F7F-8DC174837A73}"
EndProject
Global
	GlobalSection(SolutionConfigurationPlatforms) = preSolution
		Debug|Any CPU = Debug|Any CPU
		Release|Any CPU = Release|Any CPU
	EndGlobalSection
	GlobalSection(ProjectConfigurationPlatforms) = postSolution
		{097FC228-9EB8-484E-9F7F-8DC174837A73}.Debug|Any CPU.ActiveCfg = Debug|Any CPU
		{097FC228-9EB8-484E-9F7F-8DC174837A73}.Debug|Any CPU.Build.0 = Debug|Any CPU
		{097FC228-9EB8-484E-9F7F-8DC174837A73}.Release|Any CPU.ActiveCfg = Release|Any CPU
		{097FC228-9EB8-484E-9F7F-8DC174837A73}.Release|Any CPU.Build.0 = Release|Any CPU
	EndGlobalSection
	GlobalSection(SolutionProperties) = preSolution
		HideSolutionNode = FALSE
	EndGlobalSection
	GlobalSection(ExtensibilityGlobals) = postSolution
		SolutionGuid = {8540E0F2-0587-4EFB-8AE0-96616FA982D0}
	EndGlobalSection
EndGlobal
